
Microsoft Visual Studio Solution File, Format Version 12.00
# Visual Studio Version 17
VisualStudioVersion = 17.1.32421.90
MinimumVisualStudioVersion = 10.0.40219.1
Project("{FAE04EC0-301F-11D3-BF4B-00C04F79EFBC}") = "Prueba_WC_Ff", "Prueba_WC_Ff\Prueba_WC_Ff.csproj", "{1DB9A6E5-096A-4182-9935-644BD591401A}"
EndProject
Global
	GlobalSection(SolutionConfigurationPlatforms) = preSolution
		Debug|Any CPU = Debug|Any CPU
		Release|Any CPU = Release|Any CPU
	EndGlobalSection
	GlobalSection(ProjectConfigurationPlatforms) = postSolution
		{1DB9A6E5-096A-4182-9935-644BD591401A}.Debug|Any CPU.ActiveCfg = Debug|Any CPU
		{1DB9A6E5-096A-4182-9935-644BD591401A}.Debug|Any CPU.Build.0 = Debug|Any CPU
		{1DB9A6E5-096A-4182-9935-644BD591401A}.Release|Any CPU.ActiveCfg = Release|Any CPU
		{1DB9A6E5-096A-4182-9935-644BD591401A}.Release|Any CPU.Build.0 = Release|Any CPU
	EndGlobalSection
	GlobalSection(SolutionProperties) = preSolution
		HideSolutionNode = FALSE
	EndGlobalSection
	GlobalSection(ExtensibilityGlobals) = postSolution
		SolutionGuid = {14B51174-9CCE-492C-8BA9-DB1B45F362B1}
	EndGlobalSection
EndGlobal
